
Microsoft Visual Studio Solution File, Format Version 12.00
# Visual Studio Version 16
VisualStudioVersion = 16.0.31729.503
MinimumVisualStudioVersion = 10.0.40219.1
Project("{FAE04EC0-301F-11D3-BF4B-00C04F79EFBC}") = "AwesomeApp.Android", "AwesomeApp.Android\AwesomeApp.Android.csproj", "{8222DB1F-4BEB-46B5-8AAC-31928BDE46B6}"
EndProject
Project("{FAE04EC0-301F-11D3-BF4B-00C04F79EFBC}") = "AwesomeApp.iOS", "AwesomeApp.iOS\AwesomeApp.iOS.csproj", "{E95B77C5-3F95-47A0-9172-DF6FD4A74765}"
EndProject
Project("{FAE04EC0-301F-11D3-BF4B-00C04F79EFBC}") = "AwesomeApp", "AwesomeApp\AwesomeApp.csproj", "{43610673-E9F3-480A-A164-8EE5FCFB4054}"
EndProject
Global
	GlobalSection(SolutionConfigurationPlatforms) = preSolution
		Debug|Any CPU = Debug|Any CPU
		Debug|iPhone = Debug|iPhone
		Debug|iPhoneSimulator = Debug|iPhoneSimulator
		Release|Any CPU = Release|Any CPU
		Release|iPhone = Release|iPhone
		Release|iPhoneSimulator = Release|iPhoneSimulator
	EndGlobalSection
	GlobalSection(ProjectConfigurationPlatforms) = postSolution
		{8222DB1F-4BEB-46B5-8AAC-31928BDE46B6}.Debug|Any CPU.ActiveCfg = Debug|Any CPU
		{8222DB1F-4BEB-46B5-8AAC-31928BDE46B6}.Debug|Any CPU.Build.0 = Debug|Any CPU
		{8222DB1F-4BEB-46B5-8AAC-31928BDE46B6}.Debug|Any CPU.Deploy.0 = Debug|Any CPU
		{8222DB1F-4BEB-46B5-8AAC-31928BDE46B6}.Debug|iPhone.ActiveCfg = Debug|Any CPU
		{8222DB1F-4BEB-46B5-8AAC-31928BDE46B6}.Debug|iPhone.Build.0 = Debug|Any CPU
		{8222DB1F-4BEB-46B5-8AAC-31928BDE46B6}.Debug|iPhone.Deploy.0 = Debug|Any CPU
		{8222DB1F-4BEB-46B5-8AAC-31928BDE46B6}.Debug|iPhoneSimulator.ActiveCfg = Debug|Any CPU
		{8222DB1F-4BEB-46B5-8AAC-31928BDE46B6}.Debug|iPhoneSimulator.Build.0 = Debug|Any CPU
		{8222DB1F-4BEB-46B5-8AAC-31928BDE46B6}.Debug|iPhoneSimulator.Deploy.0 = Debug|Any CPU
		{8222DB1F-4BEB-46B5-8AAC-31928BDE46B6}.Release|Any CPU.ActiveCfg = Release|Any CPU
		{8222DB1F-4BEB-46B5-8AAC-31928BDE46B6}.Release|Any CPU.Build.0 = Release|Any CPU
		{8222DB1F-4BEB-46B5-8AAC-31928BDE46B6}.Release|Any CPU.Deploy.0 = Release|Any CPU
		{8222DB1F-4BEB-46B5-8AAC-31928BDE46B6}.Release|iPhone.ActiveCfg = Release|Any CPU
		{8222DB1F-4BEB-46B5-8AAC-31928BDE46B6}.Release|iPhone.Build.0 = Release|Any CPU
		{8222DB1F-4BEB-46B5-8AAC-31928BDE46B6}.Release|iPhone.Deploy.0 = Release|Any CPU
		{8222DB1F-4BEB-46B5-8AAC-31928BDE46B6}.Release|iPhoneSimulator.ActiveCfg = Release|Any CPU
		{8222DB1F-4BEB-46B5-8AAC-31928BDE46B6}.Release|iPhoneSimulator.Build.0 = Release|Any CPU
		{8222DB1F-4BEB-46B5-8AAC-31928BDE46B6}.Release|iPhoneSimulator.Deploy.0 = Release|Any CPU
		{E95B77C5-3F95-47A0-9172-DF6FD4A74765}.Debug|Any CPU.ActiveCfg = Debug|iPhone
		{E95B77C5-3F95-47A0-9172-DF6FD4A74765}.Debug|Any CPU.Build.0 = Debug|iPhone
		{E95B77C5-3F95-47A0-9172-DF6FD4A74765}.Debug|Any CPU.Deploy.0 = Debug|iPhone
		{E95B77C5-3F95-47A0-9172-DF6FD4A74765}.Debug|iPhone.ActiveCfg = Debug|iPhone
		{E95B77C5-3F95-47A0-9172-DF6FD4A74765}.Debug|iPhone.Build.0 = Debug|iPhone
		{E95B77C5-3F95-47A0-9172-DF6FD4A74765}.Debug|iPhone.Deploy.0 = Debug|iPhone
		{E95B77C5-3F95-47A0-9172-DF6FD4A74765}.Debug|iPhoneSimulator.ActiveCfg = Debug|iPhoneSimulator
		{E95B77C5-3F95-47A0-9172-DF6FD4A74765}.Debug|iPhoneSimulator.Build.0 = Debug|iPhoneSimulator
		{E95B77C5-3F95-47A0-9172-DF6FD4A74765}.Debug|iPhoneSimulator.Deploy.0 = Debug|iPhoneSimulator
		{E95B77C5-3F95-47A0-9172-DF6FD4A74765}.Release|Any CPU.ActiveCfg = Release|iPhoneSimulator
		{E95B77C5-3F95-47A0-9172-DF6FD4A74765}.Release|Any CPU.Build.0 = Release|iPhoneSimulator
		{E95B77C5-3F95-47A0-9172-DF6FD4A74765}.Release|Any CPU.Deploy.0 = Release|iPhoneSimulator
		{E95B77C5-3F95-47A0-9172-DF6FD4A74765}.Release|iPhone.ActiveCfg = Release|iPhone
		{E95B77C5-3F95-47A0-9172-DF6FD4A74765}.Release|iPhone.Build.0 = Release|iPhone
		{E95B77C5-3F95-47A0-9172-DF6FD4A74765}.Release|iPhone.Deploy.0 = Release|iPhone
		{E95B77C5-3F95-47A0-9172-DF6FD4A74765}.Release|iPhoneSimulator.ActiveCfg = Release|iPhoneSimulator
		{E95B77C5-3F95-47A0-9172-DF6FD4A74765}.Release|iPhoneSimulator.Build.0 = Release|iPhoneSimulator
		{E95B77C5-3F95-47A0-9172-DF6FD4A74765}.Release|iPhoneSimulator.Deploy.0 = Release|iPhoneSimulator
		{43610673-E9F3-480A-A164-8EE5FCFB4054}.Debug|Any CPU.ActiveCfg = Debug|Any CPU
		{43610673-E9F3-480A-A164-8EE5FCFB4054}.Debug|Any CPU.Build.0 = Debug|Any CPU
		{43610673-E9F3-480A-A164-8EE5FCFB4054}.Debug|Any CPU.Deploy.0 = Debug|Any CPU
		{43610673-E9F3-480A-A164-8EE5FCFB4054}.Debug|iPhone.ActiveCfg = Debug|Any CPU
		{43610673-E9F3-480A-A164-8EE5FCFB4054}.Debug|iPhone.Build.0 = Debug|Any CPU
		{43610673-E9F3-480A-A164-8EE5FCFB4054}.Debug|iPhone.Deploy.0 = Debug|Any CPU
		{43610673-E9F3-480A-A164-8EE5FCFB4054}.Debug|iPhoneSimulator.ActiveCfg = Debug|Any CPU
		{43610673-E9F3-480A-A164-8EE5FCFB4054}.Debug|iPhoneSimulator.Build.0 = Debug|Any CPU
		{43610673-E9F3-480A-A164-8EE5FCFB4054}.Debug|iPhoneSimulator.Deploy.0 = Debug|Any CPU
		{43610673-E9F3-480A-A164-8EE5FCFB4054}.Release|Any CPU.ActiveCfg = Release|Any CPU
		{43610673-E9F3-480A-A164-8EE5FCFB4054}.Release|Any CPU.Build.0 = Release|Any CPU
		{43610673-E9F3-480A-A164-8EE5FCFB4054}.Release|Any CPU.Deploy.0 = Release|Any CPU
		{43610673-E9F3-480A-A164-8EE5FCFB4054}.Release|iPhone.ActiveCfg = Release|Any CPU
		{43610673-E9F3-480A-A164-8EE5FCFB4054}.Release|iPhone.Build.0 = Release|Any CPU
		{43610673-E9F3-480A-A164-8EE5FCFB4054}.Release|iPhone.Deploy.0 = Release|Any CPU
		{43610673-E9F3-480A-A164-8EE5FCFB4054}.Release|iPhoneSimulator.ActiveCfg = Release|Any CPU
		{43610673-E9F3-480A-A164-8EE5FCFB4054}.Release|iPhoneSimulator.Build.0 = Release|Any CPU
		{43610673-E9F3-480A-A164-8EE5FCFB4054}.Release|iPhoneSimulator.Deploy.0 = Release|Any CPU
	EndGlobalSection
	GlobalSection(SolutionProperties) = preSolution
		HideSolutionNode = FALSE
	EndGlobalSection
	GlobalSection(ExtensibilityGlobals) = postSolution
		SolutionGuid = {B8AF5778-A9D0-46FB-805E-E5C189E11AAF}
	EndGlobalSection
EndGlobal
